
Microsoft Visual Studio Solution File, Format Version 12.00
# Visual Studio Express 2012 for Windows Desktop
Project("{FAE04EC0-301F-11D3-BF4B-00C04F79EFBC}") = "scopeOff", "scopeOff\scopeOff.csproj", "{8F4EB09C-4C94-4D0A-9624-6105E10718EB}"
EndProject
Global
	GlobalSection(SolutionConfigurationPlatforms) = preSolution
		Debug|Any CPU = Debug|Any CPU
		Release|Any CPU = Release|Any CPU
	EndGlobalSection
	GlobalSection(ProjectConfigurationPlatforms) = postSolution
		{8F4EB09C-4C94-4D0A-9624-6105E10718EB}.Debug|Any CPU.ActiveCfg = Debug|Any CPU
		{8F4EB09C-4C94-4D0A-9624-6105E10718EB}.Debug|Any CPU.Build.0 = Debug|Any CPU
		{8F4EB09C-4C94-4D0A-9624-6105E10718EB}.Release|Any CPU.ActiveCfg = Release|Any CPU
		{8F4EB09C-4C94-4D0A-9624-6105E10718EB}.Release|Any CPU.Build.0 = Release|Any CPU
	EndGlobalSection
	GlobalSection(SolutionProperties) = preSolution
		HideSolutionNode = FALSE
	EndGlobalSection
EndGlobal
